
Microsoft Visual Studio Solution File, Format Version 12.00
Project("{FAE04EC0-301F-11D3-BF4B-00C04F79EFBC}") = "Vin_Fletcher_s_Arrows", "Vin_Fletcher_s_Arrows.csproj", "{CC444598-1CFD-4DE2-8643-7BC62984D061}"
EndProject
Global
	GlobalSection(SolutionConfigurationPlatforms) = preSolution
		Debug|Any CPU = Debug|Any CPU
		Release|Any CPU = Release|Any CPU
	EndGlobalSection
	GlobalSection(ProjectConfigurationPlatforms) = postSolution
		{CC444598-1CFD-4DE2-8643-7BC62984D061}.Debug|Any CPU.ActiveCfg = Debug|Any CPU
		{CC444598-1CFD-4DE2-8643-7BC62984D061}.Debug|Any CPU.Build.0 = Debug|Any CPU
		{CC444598-1CFD-4DE2-8643-7BC62984D061}.Release|Any CPU.ActiveCfg = Release|Any CPU
		{CC444598-1CFD-4DE2-8643-7BC62984D061}.Release|Any CPU.Build.0 = Release|Any CPU
	EndGlobalSection
EndGlobal
