
Microsoft Visual Studio Solution File, Format Version 12.00
Project("{FAE04EC0-301F-11D3-BF4B-00C04F79EFBC}") = "Labelling_Inventory", "Labelling_Inventory.csproj", "{6BA8E81C-568B-4FBA-8CB6-708A4304BAC5}"
EndProject
Global
	GlobalSection(SolutionConfigurationPlatforms) = preSolution
		Debug|Any CPU = Debug|Any CPU
		Release|Any CPU = Release|Any CPU
	EndGlobalSection
	GlobalSection(ProjectConfigurationPlatforms) = postSolution
		{6BA8E81C-568B-4FBA-8CB6-708A4304BAC5}.Debug|Any CPU.ActiveCfg = Debug|Any CPU
		{6BA8E81C-568B-4FBA-8CB6-708A4304BAC5}.Debug|Any CPU.Build.0 = Debug|Any CPU
		{6BA8E81C-568B-4FBA-8CB6-708A4304BAC5}.Release|Any CPU.ActiveCfg = Release|Any CPU
		{6BA8E81C-568B-4FBA-8CB6-708A4304BAC5}.Release|Any CPU.Build.0 = Release|Any CPU
	EndGlobalSection
EndGlobal
