
Microsoft Visual Studio Solution File, Format Version 12.00
Project("{FAE04EC0-301F-11D3-BF4B-00C04F79EFBC}") = "The_Makings_Of_A_Programmer", "The_Makings_Of_A_Programmer.csproj", "{540BBC8F-2C50-43FD-85BD-4661FC40EEF1}"
EndProject
Global
	GlobalSection(SolutionConfigurationPlatforms) = preSolution
		Debug|Any CPU = Debug|Any CPU
		Release|Any CPU = Release|Any CPU
	EndGlobalSection
	GlobalSection(ProjectConfigurationPlatforms) = postSolution
		{540BBC8F-2C50-43FD-85BD-4661FC40EEF1}.Debug|Any CPU.ActiveCfg = Debug|Any CPU
		{540BBC8F-2C50-43FD-85BD-4661FC40EEF1}.Debug|Any CPU.Build.0 = Debug|Any CPU
		{540BBC8F-2C50-43FD-85BD-4661FC40EEF1}.Release|Any CPU.ActiveCfg = Release|Any CPU
		{540BBC8F-2C50-43FD-85BD-4661FC40EEF1}.Release|Any CPU.Build.0 = Release|Any CPU
	EndGlobalSection
EndGlobal
