
Microsoft Visual Studio Solution File, Format Version 12.00
Project("{FAE04EC0-301F-11D3-BF4B-00C04F79EFBC}") = "Time_In_The_Cavern", "Time_In_The_Cavern.csproj", "{D3432ED9-D19E-48AC-B827-A9C8ED35EAAF}"
EndProject
Global
	GlobalSection(SolutionConfigurationPlatforms) = preSolution
		Debug|Any CPU = Debug|Any CPU
		Release|Any CPU = Release|Any CPU
	EndGlobalSection
	GlobalSection(ProjectConfigurationPlatforms) = postSolution
		{D3432ED9-D19E-48AC-B827-A9C8ED35EAAF}.Debug|Any CPU.ActiveCfg = Debug|Any CPU
		{D3432ED9-D19E-48AC-B827-A9C8ED35EAAF}.Debug|Any CPU.Build.0 = Debug|Any CPU
		{D3432ED9-D19E-48AC-B827-A9C8ED35EAAF}.Release|Any CPU.ActiveCfg = Release|Any CPU
		{D3432ED9-D19E-48AC-B827-A9C8ED35EAAF}.Release|Any CPU.Build.0 = Release|Any CPU
	EndGlobalSection
EndGlobal
