
Microsoft Visual Studio Solution File, Format Version 12.00
Project("{FAE04EC0-301F-11D3-BF4B-00C04F79EFBC}") = "Consolas_And_Telim", "Consolas_And_Telim.csproj", "{19DF55BA-C76C-48EF-9819-8214B2D6DBA0}"
EndProject
Global
	GlobalSection(SolutionConfigurationPlatforms) = preSolution
		Debug|Any CPU = Debug|Any CPU
		Release|Any CPU = Release|Any CPU
	EndGlobalSection
	GlobalSection(ProjectConfigurationPlatforms) = postSolution
		{19DF55BA-C76C-48EF-9819-8214B2D6DBA0}.Debug|Any CPU.ActiveCfg = Debug|Any CPU
		{19DF55BA-C76C-48EF-9819-8214B2D6DBA0}.Debug|Any CPU.Build.0 = Debug|Any CPU
		{19DF55BA-C76C-48EF-9819-8214B2D6DBA0}.Release|Any CPU.ActiveCfg = Release|Any CPU
		{19DF55BA-C76C-48EF-9819-8214B2D6DBA0}.Release|Any CPU.Build.0 = Release|Any CPU
	EndGlobalSection
EndGlobal
