
Microsoft Visual Studio Solution File, Format Version 12.00
Project("{FAE04EC0-301F-11D3-BF4B-00C04F79EFBC}") = "The_Sieve", "The_Sieve.csproj", "{281F89AF-7AFA-484A-8E7D-793063D56CAF}"
EndProject
Global
	GlobalSection(SolutionConfigurationPlatforms) = preSolution
		Debug|Any CPU = Debug|Any CPU
		Release|Any CPU = Release|Any CPU
	EndGlobalSection
	GlobalSection(ProjectConfigurationPlatforms) = postSolution
		{281F89AF-7AFA-484A-8E7D-793063D56CAF}.Debug|Any CPU.ActiveCfg = Debug|Any CPU
		{281F89AF-7AFA-484A-8E7D-793063D56CAF}.Debug|Any CPU.Build.0 = Debug|Any CPU
		{281F89AF-7AFA-484A-8E7D-793063D56CAF}.Release|Any CPU.ActiveCfg = Release|Any CPU
		{281F89AF-7AFA-484A-8E7D-793063D56CAF}.Release|Any CPU.Build.0 = Release|Any CPU
	EndGlobalSection
EndGlobal
