
Microsoft Visual Studio Solution File, Format Version 12.00
Project("{FAE04EC0-301F-11D3-BF4B-00C04F79EFBC}") = "Expansion_Vin_Fletcher", "Expansion_Vin_Fletcher.csproj", "{F554FFEE-7086-4EF4-BADB-62A0C27720CF}"
EndProject
Global
	GlobalSection(SolutionConfigurationPlatforms) = preSolution
		Debug|Any CPU = Debug|Any CPU
		Release|Any CPU = Release|Any CPU
	EndGlobalSection
	GlobalSection(ProjectConfigurationPlatforms) = postSolution
		{F554FFEE-7086-4EF4-BADB-62A0C27720CF}.Debug|Any CPU.ActiveCfg = Debug|Any CPU
		{F554FFEE-7086-4EF4-BADB-62A0C27720CF}.Debug|Any CPU.Build.0 = Debug|Any CPU
		{F554FFEE-7086-4EF4-BADB-62A0C27720CF}.Release|Any CPU.ActiveCfg = Release|Any CPU
		{F554FFEE-7086-4EF4-BADB-62A0C27720CF}.Release|Any CPU.Build.0 = Release|Any CPU
	EndGlobalSection
EndGlobal
