
Microsoft Visual Studio Solution File, Format Version 12.00
Project("{FAE04EC0-301F-11D3-BF4B-00C04F79EFBC}") = "Indexing_Operand_City", "Indexing_Operand_City.csproj", "{13ABEE9B-BE0C-43FA-BE96-8D2CEA408CF8}"
EndProject
Global
	GlobalSection(SolutionConfigurationPlatforms) = preSolution
		Debug|Any CPU = Debug|Any CPU
		Release|Any CPU = Release|Any CPU
	EndGlobalSection
	GlobalSection(ProjectConfigurationPlatforms) = postSolution
		{13ABEE9B-BE0C-43FA-BE96-8D2CEA408CF8}.Debug|Any CPU.ActiveCfg = Debug|Any CPU
		{13ABEE9B-BE0C-43FA-BE96-8D2CEA408CF8}.Debug|Any CPU.Build.0 = Debug|Any CPU
		{13ABEE9B-BE0C-43FA-BE96-8D2CEA408CF8}.Release|Any CPU.ActiveCfg = Release|Any CPU
		{13ABEE9B-BE0C-43FA-BE96-8D2CEA408CF8}.Release|Any CPU.Build.0 = Release|Any CPU
	EndGlobalSection
EndGlobal
