
Microsoft Visual Studio Solution File, Format Version 12.00
Project("{FAE04EC0-301F-11D3-BF4B-00C04F79EFBC}") = "The_Great_Humanizer", "The_Great_Humanizer\The_Great_Humanizer.csproj", "{31ED865F-9460-415C-8AFE-555B05C1FF58}"
EndProject
Global
	GlobalSection(SolutionConfigurationPlatforms) = preSolution
		Debug|Any CPU = Debug|Any CPU
		Release|Any CPU = Release|Any CPU
	EndGlobalSection
	GlobalSection(ProjectConfigurationPlatforms) = postSolution
		{31ED865F-9460-415C-8AFE-555B05C1FF58}.Debug|Any CPU.ActiveCfg = Debug|Any CPU
		{31ED865F-9460-415C-8AFE-555B05C1FF58}.Debug|Any CPU.Build.0 = Debug|Any CPU
		{31ED865F-9460-415C-8AFE-555B05C1FF58}.Release|Any CPU.ActiveCfg = Release|Any CPU
		{31ED865F-9460-415C-8AFE-555B05C1FF58}.Release|Any CPU.Build.0 = Release|Any CPU
	EndGlobalSection
EndGlobal
