
Microsoft Visual Studio Solution File, Format Version 12.00
Project("{FAE04EC0-301F-11D3-BF4B-00C04F79EFBC}") = "The_Color", "The_Color.csproj", "{1F63F6B3-F29E-4CAD-879B-D488453643FE}"
EndProject
Global
	GlobalSection(SolutionConfigurationPlatforms) = preSolution
		Debug|Any CPU = Debug|Any CPU
		Release|Any CPU = Release|Any CPU
	EndGlobalSection
	GlobalSection(ProjectConfigurationPlatforms) = postSolution
		{1F63F6B3-F29E-4CAD-879B-D488453643FE}.Debug|Any CPU.ActiveCfg = Debug|Any CPU
		{1F63F6B3-F29E-4CAD-879B-D488453643FE}.Debug|Any CPU.Build.0 = Debug|Any CPU
		{1F63F6B3-F29E-4CAD-879B-D488453643FE}.Release|Any CPU.ActiveCfg = Release|Any CPU
		{1F63F6B3-F29E-4CAD-879B-D488453643FE}.Release|Any CPU.Build.0 = Release|Any CPU
	EndGlobalSection
EndGlobal
