
Microsoft Visual Studio Solution File, Format Version 12.00
Project("{FAE04EC0-301F-11D3-BF4B-00C04F79EFBC}") = "The_Repeating_Stream", "The_Repeating_Stream.csproj", "{45772380-416A-4469-8566-EE2746055E9A}"
EndProject
Global
	GlobalSection(SolutionConfigurationPlatforms) = preSolution
		Debug|Any CPU = Debug|Any CPU
		Release|Any CPU = Release|Any CPU
	EndGlobalSection
	GlobalSection(ProjectConfigurationPlatforms) = postSolution
		{45772380-416A-4469-8566-EE2746055E9A}.Debug|Any CPU.ActiveCfg = Debug|Any CPU
		{45772380-416A-4469-8566-EE2746055E9A}.Debug|Any CPU.Build.0 = Debug|Any CPU
		{45772380-416A-4469-8566-EE2746055E9A}.Release|Any CPU.ActiveCfg = Release|Any CPU
		{45772380-416A-4469-8566-EE2746055E9A}.Release|Any CPU.Build.0 = Release|Any CPU
	EndGlobalSection
EndGlobal
